
Microsoft Visual Studio Solution File, Format Version 12.00
# Visual Studio Version 16
VisualStudioVersion = 16.0.29806.167
MinimumVisualStudioVersion = 10.0.40219.1
Project("{FAE04EC0-301F-11D3-BF4B-00C04F79EFBC}") = "AutomationHIVE", "AutomationHIVE\AutomationHIVE.csproj", "{F70AFB0F-A68D-4A08-B0E9-19A0E5DBE34C}"
EndProject
Global
	GlobalSection(SolutionConfigurationPlatforms) = preSolution
		Debug|Any CPU = Debug|Any CPU
		Release|Any CPU = Release|Any CPU
	EndGlobalSection
	GlobalSection(ProjectConfigurationPlatforms) = postSolution
		{F70AFB0F-A68D-4A08-B0E9-19A0E5DBE34C}.Debug|Any CPU.ActiveCfg = Debug|Any CPU
		{F70AFB0F-A68D-4A08-B0E9-19A0E5DBE34C}.Debug|Any CPU.Build.0 = Debug|Any CPU
		{F70AFB0F-A68D-4A08-B0E9-19A0E5DBE34C}.Release|Any CPU.ActiveCfg = Release|Any CPU
		{F70AFB0F-A68D-4A08-B0E9-19A0E5DBE34C}.Release|Any CPU.Build.0 = Release|Any CPU
	EndGlobalSection
	GlobalSection(SolutionProperties) = preSolution
		HideSolutionNode = FALSE
	EndGlobalSection
	GlobalSection(ExtensibilityGlobals) = postSolution
		SolutionGuid = {F5A0F0B9-476E-49FC-9AB4-BA085CD30F82}
	EndGlobalSection
EndGlobal
